
Microsoft Visual Studio Solution File, Format Version 12.00
# Visual Studio Version 16
VisualStudioVersion = 16.0.29201.188
MinimumVisualStudioVersion = 10.0.40219.1
Project("{9A19103F-16F7-4668-BE54-9A1E7A4F7556}") = "GestionDeMedicamentos", "GestionDeMedicamentos.csproj", "{CBCD4D93-3DBE-437B-9DAB-6F964603C333}"
EndProject
Global
	GlobalSection(SolutionConfigurationPlatforms) = preSolution
		Debug|Any CPU = Debug|Any CPU
		Release|Any CPU = Release|Any CPU
	EndGlobalSection
	GlobalSection(ProjectConfigurationPlatforms) = postSolution
		{CBCD4D93-3DBE-437B-9DAB-6F964603C333}.Debug|Any CPU.ActiveCfg = Debug|Any CPU
		{CBCD4D93-3DBE-437B-9DAB-6F964603C333}.Debug|Any CPU.Build.0 = Debug|Any CPU
		{CBCD4D93-3DBE-437B-9DAB-6F964603C333}.Release|Any CPU.ActiveCfg = Release|Any CPU
		{CBCD4D93-3DBE-437B-9DAB-6F964603C333}.Release|Any CPU.Build.0 = Release|Any CPU
	EndGlobalSection
	GlobalSection(SolutionProperties) = preSolution
		HideSolutionNode = FALSE
	EndGlobalSection
	GlobalSection(ExtensibilityGlobals) = postSolution
		SolutionGuid = {344670C7-BB6A-4A28-8ABA-D9959F785FCF}
	EndGlobalSection
EndGlobal
